// !$*UTF8*$!
{
	archiveVersion = 1;
	classes = {
	};
	objectVersion = 51;
	objects = {

/* Begin PBXBuildFile section */
		25188AF522BE116100B7A9C6 /* HomeModelOutput.swift in Sources */ = {isa = PBXBuildFile; fileRef = 25188AED22BE116100B7A9C6 /* HomeModelOutput.swift */; };
		25188AF622BE116100B7A9C6 /* HomeViewControllerInput.swift in Sources */ = {isa = PBXBuildFile; fileRef = 25188AEE22BE116100B7A9C6 /* HomeViewControllerInput.swift */; };
		25188AF722BE116100B7A9C6 /* HomeModuleInitializer.swift in Sources */ = {isa = PBXBuildFile; fileRef = 25188AEF22BE116100B7A9C6 /* HomeModuleInitializer.swift */; };
		25188AF822BE116100B7A9C6 /* HomeViewController.swift in Sources */ = {isa = PBXBuildFile; fileRef = 25188AF022BE116100B7A9C6 /* HomeViewController.swift */; };
		25188AF922BE116100B7A9C6 /* HomeView.swift in Sources */ = {isa = PBXBuildFile; fileRef = 25188AF122BE116100B7A9C6 /* HomeView.swift */; };
		25188AFA22BE116100B7A9C6 /* HomeModel.swift in Sources */ = {isa = PBXBuildFile; fileRef = 25188AF222BE116100B7A9C6 /* HomeModel.swift */; };
		25188AFB22BE116100B7A9C6 /* HomeModelInput.swift in Sources */ = {isa = PBXBuildFile; fileRef = 25188AF322BE116100B7A9C6 /* HomeModelInput.swift */; };
		25188AFC22BE116100B7A9C6 /* HomeModuleConfigurator.swift in Sources */ = {isa = PBXBuildFile; fileRef = 25188AF422BE116100B7A9C6 /* HomeModuleConfigurator.swift */; };
		25196B0C22CF842E006907E6 /* NumberFormatter.swift in Sources */ = {isa = PBXBuildFile; fileRef = 25196B0B22CF842E006907E6 /* NumberFormatter.swift */; };
		256377E022CB195000A0DD10 /* CalculateStringSize.swift in Sources */ = {isa = PBXBuildFile; fileRef = 256377DF22CB195000A0DD10 /* CalculateStringSize.swift */; };
		2582329A22CD13AD00EEC51C /* String + Ext.swift in Sources */ = {isa = PBXBuildFile; fileRef = 2582329922CD13AD00EEC51C /* String + Ext.swift */; };
		259CB0AA22C7C17200E8DFFE /* Fonts.swift in Sources */ = {isa = PBXBuildFile; fileRef = 259CB0A922C7C17200E8DFFE /* Fonts.swift */; };
		25A00C4122BC9EEA007055B9 /* AppDelegate.swift in Sources */ = {isa = PBXBuildFile; fileRef = 25A00C4022BC9EEA007055B9 /* AppDelegate.swift */; };
		25A00C4322BC9EEA007055B9 /* ViewController.swift in Sources */ = {isa = PBXBuildFile; fileRef = 25A00C4222BC9EEA007055B9 /* ViewController.swift */; };
		25A00C4822BC9EEC007055B9 /* Assets.xcassets in Resources */ = {isa = PBXBuildFile; fileRef = 25A00C4722BC9EEC007055B9 /* Assets.xcassets */; };
		25A00C4B22BC9EEC007055B9 /* LaunchScreen.storyboard in Resources */ = {isa = PBXBuildFile; fileRef = 25A00C4922BC9EEC007055B9 /* LaunchScreen.storyboard */; };
		25BB0A4B22C246A0004668E5 /* Carousel.swift in Sources */ = {isa = PBXBuildFile; fileRef = 25BB0A4A22C246A0004668E5 /* Carousel.swift */; };
		25BB0A4D22C246E8004668E5 /* CarouselCell.swift in Sources */ = {isa = PBXBuildFile; fileRef = 25BB0A4C22C246E8004668E5 /* CarouselCell.swift */; };
		25BB0A4F22C24708004668E5 /* CarouselCollectionView.swift in Sources */ = {isa = PBXBuildFile; fileRef = 25BB0A4E22C24708004668E5 /* CarouselCollectionView.swift */; };
		25BB0A5122C24721004668E5 /* CarouselCounter.swift in Sources */ = {isa = PBXBuildFile; fileRef = 25BB0A5022C24720004668E5 /* CarouselCounter.swift */; };
		25C49D5622C4112600D9E34F /* UISwitcher.swift in Sources */ = {isa = PBXBuildFile; fileRef = 25C49D5522C4112600D9E34F /* UISwitcher.swift */; };
		25D4C35422CA3FDC0059DAA5 /* UITest.swift in Sources */ = {isa = PBXBuildFile; fileRef = 25D4C35322CA3FDC0059DAA5 /* UITest.swift */; };
		25F74BA922BFD7BA00DB890E /* RXKeyboard.swift in Sources */ = {isa = PBXBuildFile; fileRef = 25F74BA822BFD7BA00DB890E /* RXKeyboard.swift */; };
		25FB64B322C6404A00AB0D47 /* VIPERHomeScenePresenter.swift in Sources */ = {isa = PBXBuildFile; fileRef = 25FB64AD22C6404A00AB0D47 /* VIPERHomeScenePresenter.swift */; };
		25FB64B422C6404A00AB0D47 /* VIPERHomeSceneRouter.swift in Sources */ = {isa = PBXBuildFile; fileRef = 25FB64AE22C6404A00AB0D47 /* VIPERHomeSceneRouter.swift */; };
		25FB64B522C6404A00AB0D47 /* VIPERHomeSceneViewController.swift in Sources */ = {isa = PBXBuildFile; fileRef = 25FB64AF22C6404A00AB0D47 /* VIPERHomeSceneViewController.swift */; };
		25FB64B622C6404A00AB0D47 /* VIPERHomeSceneProtocols.swift in Sources */ = {isa = PBXBuildFile; fileRef = 25FB64B022C6404A00AB0D47 /* VIPERHomeSceneProtocols.swift */; };
		25FB64B722C6404A00AB0D47 /* VIPERHomeSceneInteractor.swift in Sources */ = {isa = PBXBuildFile; fileRef = 25FB64B122C6404A00AB0D47 /* VIPERHomeSceneInteractor.swift */; };
		25FB64B822C6404A00AB0D47 /* VIPERHomeSceneViewController.xib in Resources */ = {isa = PBXBuildFile; fileRef = 25FB64B222C6404A00AB0D47 /* VIPERHomeSceneViewController.xib */; };
		A5AD86CA89EEFB7A8C6755BE /* Pods_UIComponents.framework in Frameworks */ = {isa = PBXBuildFile; fileRef = 5B1E178D0F21F0D4FABE7024 /* Pods_UIComponents.framework */; };
/* End PBXBuildFile section */

/* Begin PBXFileReference section */
		25188AED22BE116100B7A9C6 /* HomeModelOutput.swift */ = {isa = PBXFileReference; lastKnownFileType = sourcecode.swift; path = HomeModelOutput.swift; sourceTree = "<group>"; };
		25188AEE22BE116100B7A9C6 /* HomeViewControllerInput.swift */ = {isa = PBXFileReference; lastKnownFileType = sourcecode.swift; path = HomeViewControllerInput.swift; sourceTree = "<group>"; };
		25188AEF22BE116100B7A9C6 /* HomeModuleInitializer.swift */ = {isa = PBXFileReference; lastKnownFileType = sourcecode.swift; path = HomeModuleInitializer.swift; sourceTree = "<group>"; };
		25188AF022BE116100B7A9C6 /* HomeViewController.swift */ = {isa = PBXFileReference; lastKnownFileType = sourcecode.swift; path = HomeViewController.swift; sourceTree = "<group>"; };
		25188AF122BE116100B7A9C6 /* HomeView.swift */ = {isa = PBXFileReference; lastKnownFileType = sourcecode.swift; path = HomeView.swift; sourceTree = "<group>"; };
		25188AF222BE116100B7A9C6 /* HomeModel.swift */ = {isa = PBXFileReference; lastKnownFileType = sourcecode.swift; path = HomeModel.swift; sourceTree = "<group>"; };
		25188AF322BE116100B7A9C6 /* HomeModelInput.swift */ = {isa = PBXFileReference; lastKnownFileType = sourcecode.swift; path = HomeModelInput.swift; sourceTree = "<group>"; };
		25188AF422BE116100B7A9C6 /* HomeModuleConfigurator.swift */ = {isa = PBXFileReference; lastKnownFileType = sourcecode.swift; path = HomeModuleConfigurator.swift; sourceTree = "<group>"; };
		25196B0B22CF842E006907E6 /* NumberFormatter.swift */ = {isa = PBXFileReference; lastKnownFileType = sourcecode.swift; path = NumberFormatter.swift; sourceTree = "<group>"; };
		256377DF22CB195000A0DD10 /* CalculateStringSize.swift */ = {isa = PBXFileReference; lastKnownFileType = sourcecode.swift; path = CalculateStringSize.swift; sourceTree = "<group>"; };
		2582329922CD13AD00EEC51C /* String + Ext.swift */ = {isa = PBXFileReference; lastKnownFileType = sourcecode.swift; path = "String + Ext.swift"; sourceTree = "<group>"; };
		259CB0A922C7C17200E8DFFE /* Fonts.swift */ = {isa = PBXFileReference; lastKnownFileType = sourcecode.swift; path = Fonts.swift; sourceTree = "<group>"; };
		25A00C3D22BC9EEA007055B9 /* UIComponents.app */ = {isa = PBXFileReference; explicitFileType = wrapper.application; includeInIndex = 0; path = UIComponents.app; sourceTree = BUILT_PRODUCTS_DIR; };
		25A00C4022BC9EEA007055B9 /* AppDelegate.swift */ = {isa = PBXFileReference; lastKnownFileType = sourcecode.swift; path = AppDelegate.swift; sourceTree = "<group>"; };
		25A00C4222BC9EEA007055B9 /* ViewController.swift */ = {isa = PBXFileReference; lastKnownFileType = sourcecode.swift; path = ViewController.swift; sourceTree = "<group>"; };
		25A00C4722BC9EEC007055B9 /* Assets.xcassets */ = {isa = PBXFileReference; lastKnownFileType = folder.assetcatalog; path = Assets.xcassets; sourceTree = "<group>"; };
		25A00C4A22BC9EEC007055B9 /* Base */ = {isa = PBXFileReference; lastKnownFileType = file.storyboard; name = Base; path = Base.lproj/LaunchScreen.storyboard; sourceTree = "<group>"; };
		25A00C4C22BC9EEC007055B9 /* Info.plist */ = {isa = PBXFileReference; lastKnownFileType = text.plist.xml; path = Info.plist; sourceTree = "<group>"; };
		25BB0A4A22C246A0004668E5 /* Carousel.swift */ = {isa = PBXFileReference; lastKnownFileType = sourcecode.swift; path = Carousel.swift; sourceTree = "<group>"; };
		25BB0A4C22C246E8004668E5 /* CarouselCell.swift */ = {isa = PBXFileReference; lastKnownFileType = sourcecode.swift; path = CarouselCell.swift; sourceTree = "<group>"; };
		25BB0A4E22C24708004668E5 /* CarouselCollectionView.swift */ = {isa = PBXFileReference; lastKnownFileType = sourcecode.swift; path = CarouselCollectionView.swift; sourceTree = "<group>"; };
		25BB0A5022C24720004668E5 /* CarouselCounter.swift */ = {isa = PBXFileReference; lastKnownFileType = sourcecode.swift; path = CarouselCounter.swift; sourceTree = "<group>"; };
		25C49D5522C4112600D9E34F /* UISwitcher.swift */ = {isa = PBXFileReference; lastKnownFileType = sourcecode.swift; path = UISwitcher.swift; sourceTree = "<group>"; };
		25D4C35322CA3FDC0059DAA5 /* UITest.swift */ = {isa = PBXFileReference; lastKnownFileType = sourcecode.swift; path = UITest.swift; sourceTree = "<group>"; };
		25F74BA822BFD7BA00DB890E /* RXKeyboard.swift */ = {isa = PBXFileReference; lastKnownFileType = sourcecode.swift; path = RXKeyboard.swift; sourceTree = "<group>"; };
		25FB64AD22C6404A00AB0D47 /* VIPERHomeScenePresenter.swift */ = {isa = PBXFileReference; lastKnownFileType = sourcecode.swift; path = VIPERHomeScenePresenter.swift; sourceTree = "<group>"; };
		25FB64AE22C6404A00AB0D47 /* VIPERHomeSceneRouter.swift */ = {isa = PBXFileReference; lastKnownFileType = sourcecode.swift; path = VIPERHomeSceneRouter.swift; sourceTree = "<group>"; };
		25FB64AF22C6404A00AB0D47 /* VIPERHomeSceneViewController.swift */ = {isa = PBXFileReference; lastKnownFileType = sourcecode.swift; path = VIPERHomeSceneViewController.swift; sourceTree = "<group>"; };
		25FB64B022C6404A00AB0D47 /* VIPERHomeSceneProtocols.swift */ = {isa = PBXFileReference; lastKnownFileType = sourcecode.swift; path = VIPERHomeSceneProtocols.swift; sourceTree = "<group>"; };
		25FB64B122C6404A00AB0D47 /* VIPERHomeSceneInteractor.swift */ = {isa = PBXFileReference; lastKnownFileType = sourcecode.swift; path = VIPERHomeSceneInteractor.swift; sourceTree = "<group>"; };
		25FB64B222C6404A00AB0D47 /* VIPERHomeSceneViewController.xib */ = {isa = PBXFileReference; lastKnownFileType = file.xib; path = VIPERHomeSceneViewController.xib; sourceTree = "<group>"; };
		5B1E178D0F21F0D4FABE7024 /* Pods_UIComponents.framework */ = {isa = PBXFileReference; explicitFileType = wrapper.framework; includeInIndex = 0; path = Pods_UIComponents.framework; sourceTree = BUILT_PRODUCTS_DIR; };
		754E1CE85E68807509B5C5E3 /* Pods-UIComponents.release.xcconfig */ = {isa = PBXFileReference; includeInIndex = 1; lastKnownFileType = text.xcconfig; name = "Pods-UIComponents.release.xcconfig"; path = "Target Support Files/Pods-UIComponents/Pods-UIComponents.release.xcconfig"; sourceTree = "<group>"; };
		EE4872CBEC6C858AEB910DDE /* Pods-UIComponents.debug.xcconfig */ = {isa = PBXFileReference; includeInIndex = 1; lastKnownFileType = text.xcconfig; name = "Pods-UIComponents.debug.xcconfig"; path = "Target Support Files/Pods-UIComponents/Pods-UIComponents.debug.xcconfig"; sourceTree = "<group>"; };
/* End PBXFileReference section */

/* Begin PBXFrameworksBuildPhase section */
		25A00C3A22BC9EEA007055B9 /* Frameworks */ = {
			isa = PBXFrameworksBuildPhase;
			buildActionMask = 2147483647;
			files = (
				A5AD86CA89EEFB7A8C6755BE /* Pods_UIComponents.framework in Frameworks */,
			);
			runOnlyForDeploymentPostprocessing = 0;
		};
/* End PBXFrameworksBuildPhase section */

/* Begin PBXGroup section */
		25A00C3422BC9EEA007055B9 = {
			isa = PBXGroup;
			children = (
				25A00C3F22BC9EEA007055B9 /* UIComponents */,
				25A00C3E22BC9EEA007055B9 /* Products */,
				517F0339F1E703FE9E95EA32 /* Pods */,
				AFC2D90A9F53FDAC0F8A0D30 /* Frameworks */,
			);
			sourceTree = "<group>";
		};
		25A00C3E22BC9EEA007055B9 /* Products */ = {
			isa = PBXGroup;
			children = (
				25A00C3D22BC9EEA007055B9 /* UIComponents.app */,
			);
			name = Products;
			sourceTree = "<group>";
		};
		25A00C3F22BC9EEA007055B9 /* UIComponents */ = {
			isa = PBXGroup;
			children = (
				25FB64AA22C6400000AB0D47 /* Scenes */,
				25BB0A4822C24689004668E5 /* UIElements */,
				25BB0A4622C24546004668E5 /* Models */,
				25F74BA722BFD7A900DB890E /* Helpers */,
				25A00C4022BC9EEA007055B9 /* AppDelegate.swift */,
				25A00C4222BC9EEA007055B9 /* ViewController.swift */,
				25A00C4722BC9EEC007055B9 /* Assets.xcassets */,
				25A00C4922BC9EEC007055B9 /* LaunchScreen.storyboard */,
				25A00C4C22BC9EEC007055B9 /* Info.plist */,
			);
			path = UIComponents;
			sourceTree = "<group>";
		};
		25A00C5222BC9F05007055B9 /* HomeScene */ = {
			isa = PBXGroup;
			children = (
				25188AED22BE116100B7A9C6 /* HomeModelOutput.swift */,
				25188AEE22BE116100B7A9C6 /* HomeViewControllerInput.swift */,
				25188AEF22BE116100B7A9C6 /* HomeModuleInitializer.swift */,
				25188AF022BE116100B7A9C6 /* HomeViewController.swift */,
				25188AF122BE116100B7A9C6 /* HomeView.swift */,
				25188AF222BE116100B7A9C6 /* HomeModel.swift */,
				25188AF322BE116100B7A9C6 /* HomeModelInput.swift */,
				25188AF422BE116100B7A9C6 /* HomeModuleConfigurator.swift */,
			);
			path = HomeScene;
			sourceTree = "<group>";
		};
		25BB0A4622C24546004668E5 /* Models */ = {
			isa = PBXGroup;
			children = (
				25BB0A4722C2455C004668E5 /* API */,
			);
			path = Models;
			sourceTree = "<group>";
		};
		25BB0A4722C2455C004668E5 /* API */ = {
			isa = PBXGroup;
			children = (
			);
			path = API;
			sourceTree = "<group>";
		};
		25BB0A4822C24689004668E5 /* UIElements */ = {
			isa = PBXGroup;
			children = (
				25BB0A4922C24695004668E5 /* Carousel */,
				25C49D5522C4112600D9E34F /* UISwitcher.swift */,
			);
			path = UIElements;
			sourceTree = "<group>";
		};
		25BB0A4922C24695004668E5 /* Carousel */ = {
			isa = PBXGroup;
			children = (
				25BB0A4A22C246A0004668E5 /* Carousel.swift */,
				25BB0A4C22C246E8004668E5 /* CarouselCell.swift */,
				25BB0A4E22C24708004668E5 /* CarouselCollectionView.swift */,
				25BB0A5022C24720004668E5 /* CarouselCounter.swift */,
			);
			path = Carousel;
			sourceTree = "<group>";
		};
		25D4C35222CA3FC30059DAA5 /* UITest */ = {
			isa = PBXGroup;
			children = (
				25D4C35322CA3FDC0059DAA5 /* UITest.swift */,
			);
			path = UITest;
			sourceTree = "<group>";
		};
		25F74BA722BFD7A900DB890E /* Helpers */ = {
			isa = PBXGroup;
			children = (
				25F74BA822BFD7BA00DB890E /* RXKeyboard.swift */,
				259CB0A922C7C17200E8DFFE /* Fonts.swift */,
				256377DF22CB195000A0DD10 /* CalculateStringSize.swift */,
				2582329922CD13AD00EEC51C /* String + Ext.swift */,
				25196B0B22CF842E006907E6 /* NumberFormatter.swift */,
			);
			path = Helpers;
			sourceTree = "<group>";
		};
		25FB64AA22C6400000AB0D47 /* Scenes */ = {
			isa = PBXGroup;
			children = (
				25D4C35222CA3FC30059DAA5 /* UITest */,
				25A00C5222BC9F05007055B9 /* HomeScene */,
				25FB64AB22C6401100AB0D47 /* VIPER */,
			);
			path = Scenes;
			sourceTree = "<group>";
		};
		25FB64AB22C6401100AB0D47 /* VIPER */ = {
			isa = PBXGroup;
			children = (
				25FB64AC22C6401800AB0D47 /* Home */,
			);
			path = VIPER;
			sourceTree = "<group>";
		};
		25FB64AC22C6401800AB0D47 /* Home */ = {
			isa = PBXGroup;
			children = (
				25FB64AD22C6404A00AB0D47 /* VIPERHomeScenePresenter.swift */,
				25FB64AE22C6404A00AB0D47 /* VIPERHomeSceneRouter.swift */,
				25FB64AF22C6404A00AB0D47 /* VIPERHomeSceneViewController.swift */,
				25FB64B022C6404A00AB0D47 /* VIPERHomeSceneProtocols.swift */,
				25FB64B122C6404A00AB0D47 /* VIPERHomeSceneInteractor.swift */,
				25FB64B222C6404A00AB0D47 /* VIPERHomeSceneViewController.xib */,
			);
			path = Home;
			sourceTree = "<group>";
		};
		517F0339F1E703FE9E95EA32 /* Pods */ = {
			isa = PBXGroup;
			children = (
				EE4872CBEC6C858AEB910DDE /* Pods-UIComponents.debug.xcconfig */,
				754E1CE85E68807509B5C5E3 /* Pods-UIComponents.release.xcconfig */,
			);
			path = Pods;
			sourceTree = "<group>";
		};
		AFC2D90A9F53FDAC0F8A0D30 /* Frameworks */ = {
			isa = PBXGroup;
			children = (
				5B1E178D0F21F0D4FABE7024 /* Pods_UIComponents.framework */,
			);
			name = Frameworks;
			sourceTree = "<group>";
		};
/* End PBXGroup section */

/* Begin PBXNativeTarget section */
		25A00C3C22BC9EEA007055B9 /* UIComponents */ = {
			isa = PBXNativeTarget;
			buildConfigurationList = 25A00C4F22BC9EEC007055B9 /* Build configuration list for PBXNativeTarget "UIComponents" */;
			buildPhases = (
				354690F40F23F4282A5955EA /* [CP] Check Pods Manifest.lock */,
				25A00C3922BC9EEA007055B9 /* Sources */,
				25A00C3A22BC9EEA007055B9 /* Frameworks */,
				25A00C3B22BC9EEA007055B9 /* Resources */,
				6B6D391F2F8AA4ED3F4532E7 /* [CP] Embed Pods Frameworks */,
			);
			buildRules = (
			);
			dependencies = (
			);
			name = UIComponents;
			productName = UIComponents;
			productReference = 25A00C3D22BC9EEA007055B9 /* UIComponents.app */;
			productType = "com.apple.product-type.application";
		};
/* End PBXNativeTarget section */

/* Begin PBXProject section */
		25A00C3522BC9EEA007055B9 /* Project object */ = {
			isa = PBXProject;
			attributes = {
				LastSwiftUpdateCheck = 1020;
				LastUpgradeCheck = 1020;
				ORGANIZATIONNAME = "Лев Бондаренко";
				TargetAttributes = {
					25A00C3C22BC9EEA007055B9 = {
						CreatedOnToolsVersion = 10.2.1;
					};
				};
			};
			buildConfigurationList = 25A00C3822BC9EEA007055B9 /* Build configuration list for PBXProject "UIComponents" */;
			compatibilityVersion = "Xcode 9.3";
			developmentRegion = en;
			hasScannedForEncodings = 0;
			knownRegions = (
				en,
				Base,
			);
			mainGroup = 25A00C3422BC9EEA007055B9;
			productRefGroup = 25A00C3E22BC9EEA007055B9 /* Products */;
			projectDirPath = "";
			projectRoot = "";
			targets = (
				25A00C3C22BC9EEA007055B9 /* UIComponents */,
			);
		};
/* End PBXProject section */

/* Begin PBXResourcesBuildPhase section */
		25A00C3B22BC9EEA007055B9 /* Resources */ = {
			isa = PBXResourcesBuildPhase;
			buildActionMask = 2147483647;
			files = (
				25A00C4B22BC9EEC007055B9 /* LaunchScreen.storyboard in Resources */,
				25A00C4822BC9EEC007055B9 /* Assets.xcassets in Resources */,
				25FB64B822C6404A00AB0D47 /* VIPERHomeSceneViewController.xib in Resources */,
			);
			runOnlyForDeploymentPostprocessing = 0;
		};
/* End PBXResourcesBuildPhase section */

/* Begin PBXShellScriptBuildPhase section */
		354690F40F23F4282A5955EA /* [CP] Check Pods Manifest.lock */ = {
			isa = PBXShellScriptBuildPhase;
			buildActionMask = 2147483647;
			files = (
			);
			inputFileListPaths = (
			);
			inputPaths = (
				"${PODS_PODFILE_DIR_PATH}/Podfile.lock",
				"${PODS_ROOT}/Manifest.lock",
			);
			name = "[CP] Check Pods Manifest.lock";
			outputFileListPaths = (
			);
			outputPaths = (
				"$(DERIVED_FILE_DIR)/Pods-UIComponents-checkManifestLockResult.txt",
			);
			runOnlyForDeploymentPostprocessing = 0;
			shellPath = /bin/sh;
			shellScript = "diff \"${PODS_PODFILE_DIR_PATH}/Podfile.lock\" \"${PODS_ROOT}/Manifest.lock\" > /dev/null\nif [ $? != 0 ] ; then\n    # print error to STDERR\n    echo \"error: The sandbox is not in sync with the Podfile.lock. Run 'pod install' or update your CocoaPods installation.\" >&2\n    exit 1\nfi\n# This output is used by Xcode 'outputs' to avoid re-running this script phase.\necho \"SUCCESS\" > \"${SCRIPT_OUTPUT_FILE_0}\"\n";
			showEnvVarsInLog = 0;
		};
		6B6D391F2F8AA4ED3F4532E7 /* [CP] Embed Pods Frameworks */ = {
			isa = PBXShellScriptBuildPhase;
			buildActionMask = 2147483647;
			files = (
			);
			inputFileListPaths = (
				"${PODS_ROOT}/Target Support Files/Pods-UIComponents/Pods-UIComponents-frameworks-${CONFIGURATION}-input-files.xcfilelist",
			);
			name = "[CP] Embed Pods Frameworks";
			outputFileListPaths = (
				"${PODS_ROOT}/Target Support Files/Pods-UIComponents/Pods-UIComponents-frameworks-${CONFIGURATION}-output-files.xcfilelist",
			);
			runOnlyForDeploymentPostprocessing = 0;
			shellPath = /bin/sh;
			shellScript = "\"${PODS_ROOT}/Target Support Files/Pods-UIComponents/Pods-UIComponents-frameworks.sh\"\n";
			showEnvVarsInLog = 0;
		};
/* End PBXShellScriptBuildPhase section */

/* Begin PBXSourcesBuildPhase section */
		25A00C3922BC9EEA007055B9 /* Sources */ = {
			isa = PBXSourcesBuildPhase;
			buildActionMask = 2147483647;
			files = (
				25188AF622BE116100B7A9C6 /* HomeViewControllerInput.swift in Sources */,
				25188AF922BE116100B7A9C6 /* HomeView.swift in Sources */,
				25FB64B622C6404A00AB0D47 /* VIPERHomeSceneProtocols.swift in Sources */,
				25C49D5622C4112600D9E34F /* UISwitcher.swift in Sources */,
				256377E022CB195000A0DD10 /* CalculateStringSize.swift in Sources */,
				25BB0A4F22C24708004668E5 /* CarouselCollectionView.swift in Sources */,
				25FB64B322C6404A00AB0D47 /* VIPERHomeScenePresenter.swift in Sources */,
				25188AF522BE116100B7A9C6 /* HomeModelOutput.swift in Sources */,
				25BB0A4B22C246A0004668E5 /* Carousel.swift in Sources */,
				259CB0AA22C7C17200E8DFFE /* Fonts.swift in Sources */,
				25FB64B722C6404A00AB0D47 /* VIPERHomeSceneInteractor.swift in Sources */,
				25188AFC22BE116100B7A9C6 /* HomeModuleConfigurator.swift in Sources */,
				2582329A22CD13AD00EEC51C /* String + Ext.swift in Sources */,
				25188AF722BE116100B7A9C6 /* HomeModuleInitializer.swift in Sources */,
				25188AFA22BE116100B7A9C6 /* HomeModel.swift in Sources */,
				25F74BA922BFD7BA00DB890E /* RXKeyboard.swift in Sources */,
				25A00C4322BC9EEA007055B9 /* ViewController.swift in Sources */,
				25A00C4122BC9EEA007055B9 /* AppDelegate.swift in Sources */,
				25FB64B422C6404A00AB0D47 /* VIPERHomeSceneRouter.swift in Sources */,
				25188AFB22BE116100B7A9C6 /* HomeModelInput.swift in Sources */,
				25FB64B522C6404A00AB0D47 /* VIPERHomeSceneViewController.swift in Sources */,
				25BB0A4D22C246E8004668E5 /* CarouselCell.swift in Sources */,
				25BB0A5122C24721004668E5 /* CarouselCounter.swift in Sources */,
				25196B0C22CF842E006907E6 /* NumberFormatter.swift in Sources */,
				25188AF822BE116100B7A9C6 /* HomeViewController.swift in Sources */,
				25D4C35422CA3FDC0059DAA5 /* UITest.swift in Sources */,
			);
			runOnlyForDeploymentPostprocessing = 0;
		};
/* End PBXSourcesBuildPhase section */

/* Begin PBXVariantGroup section */
		25A00C4922BC9EEC007055B9 /* LaunchScreen.storyboard */ = {
			isa = PBXVariantGroup;
			children = (
				25A00C4A22BC9EEC007055B9 /* Base */,
			);
			name = LaunchScreen.storyboard;
			sourceTree = "<group>";
		};
/* End PBXVariantGroup section */

/* Begin XCBuildConfiguration section */
		25A00C4D22BC9EEC007055B9 /* Debug */ = {
			isa = XCBuildConfiguration;
			buildSettings = {
				ALWAYS_SEARCH_USER_PATHS = NO;
				CLANG_ANALYZER_NONNULL = YES;
				CLANG_ANALYZER_NUMBER_OBJECT_CONVERSION = YES_AGGRESSIVE;
				CLANG_CXX_LANGUAGE_STANDARD = "gnu++14";
				CLANG_CXX_LIBRARY = "libc++";
				CLANG_ENABLE_MODULES = YES;
				CLANG_ENABLE_OBJC_ARC = YES;
				CLANG_ENABLE_OBJC_WEAK = YES;
				CLANG_WARN_BLOCK_CAPTURE_AUTORELEASING = YES;
				CLANG_WARN_BOOL_CONVERSION = YES;
				CLANG_WARN_COMMA = YES;
				CLANG_WARN_CONSTANT_CONVERSION = YES;
				CLANG_WARN_DEPRECATED_OBJC_IMPLEMENTATIONS = YES;
				CLANG_WARN_DIRECT_OBJC_ISA_USAGE = YES_ERROR;
				CLANG_WARN_DOCUMENTATION_COMMENTS = YES;
				CLANG_WARN_EMPTY_BODY = YES;
				CLANG_WARN_ENUM_CONVERSION = YES;
				CLANG_WARN_INFINITE_RECURSION = YES;
				CLANG_WARN_INT_CONVERSION = YES;
				CLANG_WARN_NON_LITERAL_NULL_CONVERSION = YES;
				CLANG_WARN_OBJC_IMPLICIT_RETAIN_SELF = YES;
				CLANG_WARN_OBJC_LITERAL_CONVERSION = YES;
				CLANG_WARN_OBJC_ROOT_CLASS = YES_ERROR;
				CLANG_WARN_RANGE_LOOP_ANALYSIS = YES;
				CLANG_WARN_STRICT_PROTOTYPES = YES;
				CLANG_WARN_SUSPICIOUS_MOVE = YES;
				CLANG_WARN_UNGUARDED_AVAILABILITY = YES_AGGRESSIVE;
				CLANG_WARN_UNREACHABLE_CODE = YES;
				CLANG_WARN__DUPLICATE_METHOD_MATCH = YES;
				CODE_SIGN_IDENTITY = "iPhone Developer";
				COPY_PHASE_STRIP = NO;
				DEBUG_INFORMATION_FORMAT = dwarf;
				ENABLE_STRICT_OBJC_MSGSEND = YES;
				ENABLE_TESTABILITY = YES;
				GCC_C_LANGUAGE_STANDARD = gnu11;
				GCC_DYNAMIC_NO_PIC = NO;
				GCC_NO_COMMON_BLOCKS = YES;
				GCC_OPTIMIZATION_LEVEL = 0;
				GCC_PREPROCESSOR_DEFINITIONS = (
					"DEBUG=1",
					"$(inherited)",
				);
				GCC_WARN_64_TO_32_BIT_CONVERSION = YES;
				GCC_WARN_ABOUT_RETURN_TYPE = YES_ERROR;
				GCC_WARN_UNDECLARED_SELECTOR = YES;
				GCC_WARN_UNINITIALIZED_AUTOS = YES_AGGRESSIVE;
				GCC_WARN_UNUSED_FUNCTION = YES;
				GCC_WARN_UNUSED_VARIABLE = YES;
				IPHONEOS_DEPLOYMENT_TARGET = 12.2;
				MTL_ENABLE_DEBUG_INFO = INCLUDE_SOURCE;
				MTL_FAST_MATH = YES;
				ONLY_ACTIVE_ARCH = YES;
				SDKROOT = iphoneos;
				SWIFT_ACTIVE_COMPILATION_CONDITIONS = DEBUG;
				SWIFT_OPTIMIZATION_LEVEL = "-Onone";
			};
			name = Debug;
		};
		25A00C4E22BC9EEC007055B9 /* Release */ = {
			isa = XCBuildConfiguration;
			buildSettings = {
				ALWAYS_SEARCH_USER_PATHS = NO;
				CLANG_ANALYZER_NONNULL = YES;
				CLANG_ANALYZER_NUMBER_OBJECT_CONVERSION = YES_AGGRESSIVE;
				CLANG_CXX_LANGUAGE_STANDARD = "gnu++14";
				CLANG_CXX_LIBRARY = "libc++";
				CLANG_ENABLE_MODULES = YES;
				CLANG_ENABLE_OBJC_ARC = YES;
				CLANG_ENABLE_OBJC_WEAK = YES;
				CLANG_WARN_BLOCK_CAPTURE_AUTORELEASING = YES;
				CLANG_WARN_BOOL_CONVERSION = YES;
				CLANG_WARN_COMMA = YES;
				CLANG_WARN_CONSTANT_CONVERSION = YES;
				CLANG_WARN_DEPRECATED_OBJC_IMPLEMENTATIONS = YES;
				CLANG_WARN_DIRECT_OBJC_ISA_USAGE = YES_ERROR;
				CLANG_WARN_DOCUMENTATION_COMMENTS = YES;
				CLANG_WARN_EMPTY_BODY = YES;
				CLANG_WARN_ENUM_CONVERSION = YES;
				CLANG_WARN_INFINITE_RECURSION = YES;
				CLANG_WARN_INT_CONVERSION = YES;
				CLANG_WARN_NON_LITERAL_NULL_CONVERSION = YES;
				CLANG_WARN_OBJC_IMPLICIT_RETAIN_SELF = YES;
				CLANG_WARN_OBJC_LITERAL_CONVERSION = YES;
				CLANG_WARN_OBJC_ROOT_CLASS = YES_ERROR;
				CLANG_WARN_RANGE_LOOP_ANALYSIS = YES;
				CLANG_WARN_STRICT_PROTOTYPES = YES;
				CLANG_WARN_SUSPICIOUS_MOVE = YES;
				CLANG_WARN_UNGUARDED_AVAILABILITY = YES_AGGRESSIVE;
				CLANG_WARN_UNREACHABLE_CODE = YES;
				CLANG_WARN__DUPLICATE_METHOD_MATCH = YES;
				CODE_SIGN_IDENTITY = "iPhone Developer";
				COPY_PHASE_STRIP = NO;
				DEBUG_INFORMATION_FORMAT = "dwarf-with-dsym";
				ENABLE_NS_ASSERTIONS = NO;
				ENABLE_STRICT_OBJC_MSGSEND = YES;
				GCC_C_LANGUAGE_STANDARD = gnu11;
				GCC_NO_COMMON_BLOCKS = YES;
				GCC_WARN_64_TO_32_BIT_CONVERSION = YES;
				GCC_WARN_ABOUT_RETURN_TYPE = YES_ERROR;
				GCC_WARN_UNDECLARED_SELECTOR = YES;
				GCC_WARN_UNINITIALIZED_AUTOS = YES_AGGRESSIVE;
				GCC_WARN_UNUSED_FUNCTION = YES;
				GCC_WARN_UNUSED_VARIABLE = YES;
				IPHONEOS_DEPLOYMENT_TARGET = 12.2;
				MTL_ENABLE_DEBUG_INFO = NO;
				MTL_FAST_MATH = YES;
				SDKROOT = iphoneos;
				SWIFT_COMPILATION_MODE = wholemodule;
				SWIFT_OPTIMIZATION_LEVEL = "-O";
				VALIDATE_PRODUCT = YES;
			};
			name = Release;
		};
		25A00C5022BC9EEC007055B9 /* Debug */ = {
			isa = XCBuildConfiguration;
			baseConfigurationReference = EE4872CBEC6C858AEB910DDE /* Pods-UIComponents.debug.xcconfig */;
			buildSettings = {
				ASSETCATALOG_COMPILER_APPICON_NAME = AppIcon;
				CODE_SIGN_STYLE = Automatic;
				DEVELOPMENT_TEAM = 4FJ7ASPT8G;
				INFOPLIST_FILE = UIComponents/Info.plist;
				LD_RUNPATH_SEARCH_PATHS = (
					"$(inherited)",
					"@executable_path/Frameworks",
				);
				PRODUCT_BUNDLE_IDENTIFIER = Tsunami.UIComponents;
				PRODUCT_NAME = "$(TARGET_NAME)";
				SWIFT_VERSION = 5.0;
				TARGETED_DEVICE_FAMILY = "1,2";
			};
			name = Debug;
		};
		25A00C5122BC9EEC007055B9 /* Release */ = {
			isa = XCBuildConfiguration;
			baseConfigurationReference = 754E1CE85E68807509B5C5E3 /* Pods-UIComponents.release.xcconfig */;
			buildSettings = {
				ASSETCATALOG_COMPILER_APPICON_NAME = AppIcon;
				CODE_SIGN_STYLE = Automatic;
				DEVELOPMENT_TEAM = 4FJ7ASPT8G;
				INFOPLIST_FILE = UIComponents/Info.plist;
				LD_RUNPATH_SEARCH_PATHS = (
					"$(inherited)",
					"@executable_path/Frameworks",
				);
				PRODUCT_BUNDLE_IDENTIFIER = Tsunami.UIComponents;
				PRODUCT_NAME = "$(TARGET_NAME)";
				SWIFT_VERSION = 5.0;
				TARGETED_DEVICE_FAMILY = "1,2";
			};
			name = Release;
		};
/* End XCBuildConfiguration section */

/* Begin XCConfigurationList section */
		25A00C3822BC9EEA007055B9 /* Build configuration list for PBXProject "UIComponents" */ = {
			isa = XCConfigurationList;
			buildConfigurations = (
				25A00C4D22BC9EEC007055B9 /* Debug */,
				25A00C4E22BC9EEC007055B9 /* Release */,
			);
			defaultConfigurationIsVisible = 0;
			defaultConfigurationName = Release;
		};
		25A00C4F22BC9EEC007055B9 /* Build configuration list for PBXNativeTarget "UIComponents" */ = {
			isa = XCConfigurationList;
			buildConfigurations = (
				25A00C5022BC9EEC007055B9 /* Debug */,
				25A00C5122BC9EEC007055B9 /* Release */,
			);
			defaultConfigurationIsVisible = 0;
			defaultConfigurationName = Release;
		};
/* End XCConfigurationList section */
	};
	rootObject = 25A00C3522BC9EEA007055B9 /* Project object */;
}
